
Microsoft Visual Studio Solution File, Format Version 12.00
# Visual Studio 15
VisualStudioVersion = 15.0.28307.489
MinimumVisualStudioVersion = 10.0.40219.1
Project("{FAE04EC0-301F-11D3-BF4B-00C04F79EFBC}") = "Shopping.Model", "Shopping.Model\Shopping.Model.csproj", "{6995931C-00C3-4B45-B729-3FE351E858DB}"
EndProject
Project("{FAE04EC0-301F-11D3-BF4B-00C04F79EFBC}") = "Shopping.Data", "Shopping.Data\Shopping.Data.csproj", "{1678A930-37C1-4BA2-84F1-A70B7A3EF039}"
EndProject
Project("{FAE04EC0-301F-11D3-BF4B-00C04F79EFBC}") = "Shopping.Service", "Shopping.Service\Shopping.Service.csproj", "{8006813E-4C3B-4991-B5B6-3F7BE8F412B1}"
EndProject
Global
	GlobalSection(SolutionConfigurationPlatforms) = preSolution
		Debug|Any CPU = Debug|Any CPU
		Release|Any CPU = Release|Any CPU
	EndGlobalSection
	GlobalSection(ProjectConfigurationPlatforms) = postSolution
		{6995931C-00C3-4B45-B729-3FE351E858DB}.Debug|Any CPU.ActiveCfg = Debug|Any CPU
		{6995931C-00C3-4B45-B729-3FE351E858DB}.Debug|Any CPU.Build.0 = Debug|Any CPU
		{6995931C-00C3-4B45-B729-3FE351E858DB}.Release|Any CPU.ActiveCfg = Release|Any CPU
		{6995931C-00C3-4B45-B729-3FE351E858DB}.Release|Any CPU.Build.0 = Release|Any CPU
		{1678A930-37C1-4BA2-84F1-A70B7A3EF039}.Debug|Any CPU.ActiveCfg = Debug|Any CPU
		{1678A930-37C1-4BA2-84F1-A70B7A3EF039}.Debug|Any CPU.Build.0 = Debug|Any CPU
		{1678A930-37C1-4BA2-84F1-A70B7A3EF039}.Release|Any CPU.ActiveCfg = Release|Any CPU
		{1678A930-37C1-4BA2-84F1-A70B7A3EF039}.Release|Any CPU.Build.0 = Release|Any CPU
		{8006813E-4C3B-4991-B5B6-3F7BE8F412B1}.Debug|Any CPU.ActiveCfg = Debug|Any CPU
		{8006813E-4C3B-4991-B5B6-3F7BE8F412B1}.Debug|Any CPU.Build.0 = Debug|Any CPU
		{8006813E-4C3B-4991-B5B6-3F7BE8F412B1}.Release|Any CPU.ActiveCfg = Release|Any CPU
		{8006813E-4C3B-4991-B5B6-3F7BE8F412B1}.Release|Any CPU.Build.0 = Release|Any CPU
	EndGlobalSection
	GlobalSection(SolutionProperties) = preSolution
		HideSolutionNode = FALSE
	EndGlobalSection
	GlobalSection(ExtensibilityGlobals) = postSolution
		SolutionGuid = {3B6CFFC2-371F-4609-AB5B-39DC595E6595}
	EndGlobalSection
EndGlobal
